
Microsoft Visual Studio Solution File, Format Version 12.00
# Visual Studio Version 17
VisualStudioVersion = 17.4.33205.214
MinimumVisualStudioVersion = 10.0.40219.1
Project("{9A19103F-16F7-4668-BE54-9A1E7A4F7556}") = "EPAY.ETC.Core.API", "EPAY.ETC.Core.API\EPAY.ETC.Core.API.csproj", "{BAA337F9-DA5B-4A4B-94C1-F3AFEE30CEB1}"
EndProject
Project("{2150E333-8FDC-42A3-9474-1A3956D46DE8}") = "Common", "Common", "{9C61BCB8-5A0F-4357-BC50-2DB7757D22D4}"
EndProject
Project("{2150E333-8FDC-42A3-9474-1A3956D46DE8}") = "IntergrationTests", "IntergrationTests", "{0A2E7A9B-B3B4-4A06-AF54-7573843ECAEB}"
EndProject
Project("{2150E333-8FDC-42A3-9474-1A3956D46DE8}") = "UnitTests", "UnitTests", "{B30AE151-90AB-4B7E-A750-1B6A68D5020B}"
EndProject
Project("{FAE04EC0-301F-11D3-BF4B-00C04F79EFBC}") = "EPAY.ETC.Core.API.Core", "EPAY.ETC.Core.API.Common\EPAY.ETC.Core.API.Core.csproj", "{9B926E95-D165-4ADA-B97D-4652C21FD1AF}"
EndProject
Project("{FAE04EC0-301F-11D3-BF4B-00C04F79EFBC}") = "EPAY.ETC.Core.API.Infrastructure", "EPAY.ETC.Core.API.Infrastructure\EPAY.ETC.Core.API.Infrastructure.csproj", "{B7367263-E60C-4C80-8188-889B50E462AC}"
EndProject
Global
	GlobalSection(SolutionConfigurationPlatforms) = preSolution
		Debug|Any CPU = Debug|Any CPU
		Release|Any CPU = Release|Any CPU
	EndGlobalSection
	GlobalSection(ProjectConfigurationPlatforms) = postSolution
		{BAA337F9-DA5B-4A4B-94C1-F3AFEE30CEB1}.Debug|Any CPU.ActiveCfg = Debug|Any CPU
		{BAA337F9-DA5B-4A4B-94C1-F3AFEE30CEB1}.Debug|Any CPU.Build.0 = Debug|Any CPU
		{BAA337F9-DA5B-4A4B-94C1-F3AFEE30CEB1}.Release|Any CPU.ActiveCfg = Release|Any CPU
		{BAA337F9-DA5B-4A4B-94C1-F3AFEE30CEB1}.Release|Any CPU.Build.0 = Release|Any CPU
		{9B926E95-D165-4ADA-B97D-4652C21FD1AF}.Debug|Any CPU.ActiveCfg = Debug|Any CPU
		{9B926E95-D165-4ADA-B97D-4652C21FD1AF}.Debug|Any CPU.Build.0 = Debug|Any CPU
		{9B926E95-D165-4ADA-B97D-4652C21FD1AF}.Release|Any CPU.ActiveCfg = Release|Any CPU
		{9B926E95-D165-4ADA-B97D-4652C21FD1AF}.Release|Any CPU.Build.0 = Release|Any CPU
		{B7367263-E60C-4C80-8188-889B50E462AC}.Debug|Any CPU.ActiveCfg = Debug|Any CPU
		{B7367263-E60C-4C80-8188-889B50E462AC}.Debug|Any CPU.Build.0 = Debug|Any CPU
		{B7367263-E60C-4C80-8188-889B50E462AC}.Release|Any CPU.ActiveCfg = Release|Any CPU
		{B7367263-E60C-4C80-8188-889B50E462AC}.Release|Any CPU.Build.0 = Release|Any CPU
	EndGlobalSection
	GlobalSection(SolutionProperties) = preSolution
		HideSolutionNode = FALSE
	EndGlobalSection
	GlobalSection(NestedProjects) = preSolution
		{9B926E95-D165-4ADA-B97D-4652C21FD1AF} = {9C61BCB8-5A0F-4357-BC50-2DB7757D22D4}
		{B7367263-E60C-4C80-8188-889B50E462AC} = {9C61BCB8-5A0F-4357-BC50-2DB7757D22D4}
	EndGlobalSection
	GlobalSection(ExtensibilityGlobals) = postSolution
		SolutionGuid = {48B7B8CA-795C-4E9C-9BD6-0BDFA16910AB}
	EndGlobalSection
EndGlobal
